<?xml version="1.0" encoding="utf-8"?>
<Project ToolsVersion="17.0" xmlns="http://schemas.microsoft.com/developer/msbuild/2003">
  <ItemGroup>
    <ClCompile Include="C:\Users\DIPirig22\source\repos\movie-ticket-booking-system-10th-grade-DIPirig22\scr\main.cpp">
      <Filter>Source Files</Filter>
    </ClCompile>
    <ClCompile Include="C:\Users\DIPirig22\source\repos\movie-ticket-booking-system-10th-grade-DIPirig22\scr\utility.cpp">
      <Filter>Source Files</Filter>
    </ClCompile>
    <ClCompile Include="C:\Users\DIPirig22\source\repos\movie-ticket-booking-system-10th-grade-DIPirig22\loginPage\menu.cpp">
      <Filter>Source Files</Filter>
    </ClCompile>
  </ItemGroup>
  <ItemGroup>
    <ClInclude Include="C:\Users\DIPirig22\source\repos\movie-ticket-booking-system-10th-grade-DIPirig22\func\menu.h">
      <Filter>Header Files</Filter>
    </ClInclude>
  </ItemGroup>
  <ItemGroup>
    <Filter Include="Header Files">
      <UniqueIdentifier>{2742A9F3-AC27-38D9-BD3F-EC58344A45CC}</UniqueIdentifier>
    </Filter>
    <Filter Include="Source Files">
      <UniqueIdentifier>{AFDB096F-BFC7-34B1-A0AA-0E7CC8ADEFFF}</UniqueIdentifier>
    </Filter>
  </ItemGroup>
</Project>